
Microsoft Visual Studio Solution File, Format Version 12.00
# Visual Studio Version 17
VisualStudioVersion = 17.11.35327.3
MinimumVisualStudioVersion = 10.0.40219.1
Project("{FAE04EC0-301F-11D3-BF4B-00C04F79EFBC}") = "RabbitServer", "RabbitServer\RabbitServer.csproj", "{961E73BB-E767-4911-BA82-C4A38CB15CC6}"
EndProject
Project("{FAE04EC0-301F-11D3-BF4B-00C04F79EFBC}") = "RabbitReceiver", "RabbitReceiver\RabbitReceiver.csproj", "{BD87194F-B0B6-4FCE-9840-A8AAFA33895E}"
EndProject
Global
	GlobalSection(SolutionConfigurationPlatforms) = preSolution
		Debug|Any CPU = Debug|Any CPU
		Release|Any CPU = Release|Any CPU
	EndGlobalSection
	GlobalSection(ProjectConfigurationPlatforms) = postSolution
		{961E73BB-E767-4911-BA82-C4A38CB15CC6}.Debug|Any CPU.ActiveCfg = Debug|Any CPU
		{961E73BB-E767-4911-BA82-C4A38CB15CC6}.Debug|Any CPU.Build.0 = Debug|Any CPU
		{961E73BB-E767-4911-BA82-C4A38CB15CC6}.Release|Any CPU.ActiveCfg = Release|Any CPU
		{961E73BB-E767-4911-BA82-C4A38CB15CC6}.Release|Any CPU.Build.0 = Release|Any CPU
		{BD87194F-B0B6-4FCE-9840-A8AAFA33895E}.Debug|Any CPU.ActiveCfg = Debug|Any CPU
		{BD87194F-B0B6-4FCE-9840-A8AAFA33895E}.Debug|Any CPU.Build.0 = Debug|Any CPU
		{BD87194F-B0B6-4FCE-9840-A8AAFA33895E}.Release|Any CPU.ActiveCfg = Release|Any CPU
		{BD87194F-B0B6-4FCE-9840-A8AAFA33895E}.Release|Any CPU.Build.0 = Release|Any CPU
	EndGlobalSection
	GlobalSection(SolutionProperties) = preSolution
		HideSolutionNode = FALSE
	EndGlobalSection
	GlobalSection(ExtensibilityGlobals) = postSolution
		SolutionGuid = {8A3D49F6-DDE7-4020-AC13-0577976741AF}
	EndGlobalSection
EndGlobal
